
Microsoft Visual Studio Solution File, Format Version 12.00
# Visual Studio Version 17
VisualStudioVersion = 17.1.32228.430
MinimumVisualStudioVersion = 10.0.40219.1
Project("{FAE04EC0-301F-11D3-BF4B-00C04F79EFBC}") = "MaxWinTest", "MaxWinTest\MaxWinTest.csproj", "{0A3E2F9F-026C-48F5-8EFE-114199C966DB}"
EndProject
Global
	GlobalSection(SolutionConfigurationPlatforms) = preSolution
		Debug|Any CPU = Debug|Any CPU
		Release|Any CPU = Release|Any CPU
	EndGlobalSection
	GlobalSection(ProjectConfigurationPlatforms) = postSolution
		{0A3E2F9F-026C-48F5-8EFE-114199C966DB}.Debug|Any CPU.ActiveCfg = Debug|Any CPU
		{0A3E2F9F-026C-48F5-8EFE-114199C966DB}.Debug|Any CPU.Build.0 = Debug|Any CPU
		{0A3E2F9F-026C-48F5-8EFE-114199C966DB}.Release|Any CPU.ActiveCfg = Release|Any CPU
		{0A3E2F9F-026C-48F5-8EFE-114199C966DB}.Release|Any CPU.Build.0 = Release|Any CPU
	EndGlobalSection
	GlobalSection(SolutionProperties) = preSolution
		HideSolutionNode = FALSE
	EndGlobalSection
	GlobalSection(ExtensibilityGlobals) = postSolution
		SolutionGuid = {E853C739-7C3E-4E87-BC31-4B163F5C34E1}
	EndGlobalSection
EndGlobal
